
Microsoft Visual Studio Solution File, Format Version 12.00
# Visual Studio Version 17
VisualStudioVersion = 17.14.36401.2
MinimumVisualStudioVersion = 10.0.40219.1
Project("{FAE04EC0-301F-11D3-BF4B-00C04F79EFBC}") = "Presentation_Layer", "Presentation_Layer\Presentation_Layer.csproj", "{B61E4E20-EE99-45C9-B2B3-69837E417F9C}"
EndProject
Project("{FAE04EC0-301F-11D3-BF4B-00C04F79EFBC}") = "Data_Access_Layer", "Data_Access_Layer\Data_Access_Layer.csproj", "{B3A10B15-52BF-48E2-BD68-756C59F9347C}"
EndProject
Project("{FAE04EC0-301F-11D3-BF4B-00C04F79EFBC}") = "Business_Logic_Layer", "Business_Logic_Layer\Business_Logic_Layer.csproj", "{38DFF9A6-BA37-4A93-BF0A-E3A35BF55195}"
EndProject
Global
	GlobalSection(SolutionConfigurationPlatforms) = preSolution
		Debug|Any CPU = Debug|Any CPU
		Release|Any CPU = Release|Any CPU
	EndGlobalSection
	GlobalSection(ProjectConfigurationPlatforms) = postSolution
		{B61E4E20-EE99-45C9-B2B3-69837E417F9C}.Debug|Any CPU.ActiveCfg = Debug|Any CPU
		{B61E4E20-EE99-45C9-B2B3-69837E417F9C}.Debug|Any CPU.Build.0 = Debug|Any CPU
		{B61E4E20-EE99-45C9-B2B3-69837E417F9C}.Release|Any CPU.ActiveCfg = Release|Any CPU
		{B61E4E20-EE99-45C9-B2B3-69837E417F9C}.Release|Any CPU.Build.0 = Release|Any CPU
		{B3A10B15-52BF-48E2-BD68-756C59F9347C}.Debug|Any CPU.ActiveCfg = Debug|Any CPU
		{B3A10B15-52BF-48E2-BD68-756C59F9347C}.Debug|Any CPU.Build.0 = Debug|Any CPU
		{B3A10B15-52BF-48E2-BD68-756C59F9347C}.Release|Any CPU.ActiveCfg = Release|Any CPU
		{B3A10B15-52BF-48E2-BD68-756C59F9347C}.Release|Any CPU.Build.0 = Release|Any CPU
		{38DFF9A6-BA37-4A93-BF0A-E3A35BF55195}.Debug|Any CPU.ActiveCfg = Debug|Any CPU
		{38DFF9A6-BA37-4A93-BF0A-E3A35BF55195}.Debug|Any CPU.Build.0 = Debug|Any CPU
		{38DFF9A6-BA37-4A93-BF0A-E3A35BF55195}.Release|Any CPU.ActiveCfg = Release|Any CPU
		{38DFF9A6-BA37-4A93-BF0A-E3A35BF55195}.Release|Any CPU.Build.0 = Release|Any CPU
	EndGlobalSection
	GlobalSection(SolutionProperties) = preSolution
		HideSolutionNode = FALSE
	EndGlobalSection
	GlobalSection(ExtensibilityGlobals) = postSolution
		SolutionGuid = {FEE99B58-482E-4C8F-98EC-10D2CEEEEED1}
	EndGlobalSection
EndGlobal
